
Microsoft Visual Studio Solution File, Format Version 12.00
# Visual Studio Version 17
VisualStudioVersion = 17.9.34728.123
MinimumVisualStudioVersion = 10.0.40219.1
Project("{9A19103F-16F7-4668-BE54-9A1E7A4F7556}") = "TuinCentrum.BL", "TuinCentrum.BL\TuinCentrum.BL.csproj", "{A75C8FE6-0F0D-4290-870E-2D410766772B}"
EndProject
Project("{9A19103F-16F7-4668-BE54-9A1E7A4F7556}") = "TuinCentrum.DL", "TuinCentrum.DL\TuinCentrum.DL.csproj", "{5BF49EFE-E3CB-401F-BD8B-B8146F98CA93}"
EndProject
Project("{9A19103F-16F7-4668-BE54-9A1E7A4F7556}") = "TuinCentrumTests", "TuinCentrumTests\TuinCentrumTests.csproj", "{1686A054-0C20-44F0-94DD-B3DB8530FA54}"
EndProject
Project("{9A19103F-16F7-4668-BE54-9A1E7A4F7556}") = "TuinCentrum.UI", "TuinCentrum.UI\TuinCentrum.UI.csproj", "{FFE08A77-C634-45C7-A688-78B7CAD40DAC}"
EndProject
Project("{9A19103F-16F7-4668-BE54-9A1E7A4F7556}") = "TuinCentrumUI_DataUpload", "TuinCentrumUI_DataUpload\TuinCentrumUI_DataUpload.csproj", "{52E6F70B-E5C6-4556-B4DB-CBB6572E5D38}"
EndProject
Project("{2150E333-8FDC-42A3-9474-1A3956D46DE8}") = "Diagrammen", "Diagrammen", "{20C49EC9-4389-42CC-A10E-C6A87CD6A8B7}"
	ProjectSection(SolutionItems) = preProject
		..\..\..\Downloads\ArchitectuurDiagram.docx = ..\..\..\Downloads\ArchitectuurDiagram.docx
		..\..\..\Downloads\Klassendiagram.docx = ..\..\..\Downloads\Klassendiagram.docx
	EndProjectSection
EndProject
Global
	GlobalSection(SolutionConfigurationPlatforms) = preSolution
		Debug|Any CPU = Debug|Any CPU
		Release|Any CPU = Release|Any CPU
	EndGlobalSection
	GlobalSection(ProjectConfigurationPlatforms) = postSolution
		{A75C8FE6-0F0D-4290-870E-2D410766772B}.Debug|Any CPU.ActiveCfg = Debug|Any CPU
		{A75C8FE6-0F0D-4290-870E-2D410766772B}.Debug|Any CPU.Build.0 = Debug|Any CPU
		{A75C8FE6-0F0D-4290-870E-2D410766772B}.Release|Any CPU.ActiveCfg = Release|Any CPU
		{A75C8FE6-0F0D-4290-870E-2D410766772B}.Release|Any CPU.Build.0 = Release|Any CPU
		{5BF49EFE-E3CB-401F-BD8B-B8146F98CA93}.Debug|Any CPU.ActiveCfg = Debug|Any CPU
		{5BF49EFE-E3CB-401F-BD8B-B8146F98CA93}.Debug|Any CPU.Build.0 = Debug|Any CPU
		{5BF49EFE-E3CB-401F-BD8B-B8146F98CA93}.Release|Any CPU.ActiveCfg = Release|Any CPU
		{5BF49EFE-E3CB-401F-BD8B-B8146F98CA93}.Release|Any CPU.Build.0 = Release|Any CPU
		{1686A054-0C20-44F0-94DD-B3DB8530FA54}.Debug|Any CPU.ActiveCfg = Debug|Any CPU
		{1686A054-0C20-44F0-94DD-B3DB8530FA54}.Debug|Any CPU.Build.0 = Debug|Any CPU
		{1686A054-0C20-44F0-94DD-B3DB8530FA54}.Release|Any CPU.ActiveCfg = Release|Any CPU
		{1686A054-0C20-44F0-94DD-B3DB8530FA54}.Release|Any CPU.Build.0 = Release|Any CPU
		{FFE08A77-C634-45C7-A688-78B7CAD40DAC}.Debug|Any CPU.ActiveCfg = Debug|Any CPU
		{FFE08A77-C634-45C7-A688-78B7CAD40DAC}.Debug|Any CPU.Build.0 = Debug|Any CPU
		{FFE08A77-C634-45C7-A688-78B7CAD40DAC}.Release|Any CPU.ActiveCfg = Release|Any CPU
		{FFE08A77-C634-45C7-A688-78B7CAD40DAC}.Release|Any CPU.Build.0 = Release|Any CPU
		{52E6F70B-E5C6-4556-B4DB-CBB6572E5D38}.Debug|Any CPU.ActiveCfg = Debug|Any CPU
		{52E6F70B-E5C6-4556-B4DB-CBB6572E5D38}.Debug|Any CPU.Build.0 = Debug|Any CPU
		{52E6F70B-E5C6-4556-B4DB-CBB6572E5D38}.Release|Any CPU.ActiveCfg = Release|Any CPU
		{52E6F70B-E5C6-4556-B4DB-CBB6572E5D38}.Release|Any CPU.Build.0 = Release|Any CPU
	EndGlobalSection
	GlobalSection(SolutionProperties) = preSolution
		HideSolutionNode = FALSE
	EndGlobalSection
	GlobalSection(ExtensibilityGlobals) = postSolution
		SolutionGuid = {E1E40992-1F45-4BD9-BC36-3B69799937B9}
	EndGlobalSection
EndGlobal
